
Microsoft Visual Studio Solution File, Format Version 12.00
# Visual Studio Version 17
VisualStudioVersion = 17.3.32929.385
MinimumVisualStudioVersion = 10.0.40219.1
Project("{FAE04EC0-301F-11D3-BF4B-00C04F79EFBC}") = "AvlesZKTecoInterface", "AvlesZKTecoInterface\AvlesZKTecoInterface.csproj", "{0FF19E85-FBE2-415D-AC7C-BDAF981D9562}"
EndProject
Project("{FAE04EC0-301F-11D3-BF4B-00C04F79EFBC}") = "TestInterface", "TestInterface\TestInterface.csproj", "{4DDFBC13-71F8-4B0F-81B0-D89017BED2FA}"
EndProject
Project("{FAE04EC0-301F-11D3-BF4B-00C04F79EFBC}") = "ZMKeeperCore", "ZMKeeperCore\ZMKeeperCore.csproj", "{34C3AA9F-3726-40A6-B384-7B191DCBF67A}"
EndProject
Global
	GlobalSection(SolutionConfigurationPlatforms) = preSolution
		Debug|Any CPU = Debug|Any CPU
		Release|Any CPU = Release|Any CPU
	EndGlobalSection
	GlobalSection(ProjectConfigurationPlatforms) = postSolution
		{0FF19E85-FBE2-415D-AC7C-BDAF981D9562}.Debug|Any CPU.ActiveCfg = Debug|Any CPU
		{0FF19E85-FBE2-415D-AC7C-BDAF981D9562}.Debug|Any CPU.Build.0 = Debug|Any CPU
		{0FF19E85-FBE2-415D-AC7C-BDAF981D9562}.Release|Any CPU.ActiveCfg = Release|Any CPU
		{0FF19E85-FBE2-415D-AC7C-BDAF981D9562}.Release|Any CPU.Build.0 = Release|Any CPU
		{4DDFBC13-71F8-4B0F-81B0-D89017BED2FA}.Debug|Any CPU.ActiveCfg = Debug|Any CPU
		{4DDFBC13-71F8-4B0F-81B0-D89017BED2FA}.Debug|Any CPU.Build.0 = Debug|Any CPU
		{4DDFBC13-71F8-4B0F-81B0-D89017BED2FA}.Release|Any CPU.ActiveCfg = Release|Any CPU
		{4DDFBC13-71F8-4B0F-81B0-D89017BED2FA}.Release|Any CPU.Build.0 = Release|Any CPU
		{34C3AA9F-3726-40A6-B384-7B191DCBF67A}.Debug|Any CPU.ActiveCfg = Debug|Any CPU
		{34C3AA9F-3726-40A6-B384-7B191DCBF67A}.Debug|Any CPU.Build.0 = Debug|Any CPU
		{34C3AA9F-3726-40A6-B384-7B191DCBF67A}.Release|Any CPU.ActiveCfg = Release|Any CPU
		{34C3AA9F-3726-40A6-B384-7B191DCBF67A}.Release|Any CPU.Build.0 = Release|Any CPU
	EndGlobalSection
	GlobalSection(SolutionProperties) = preSolution
		HideSolutionNode = FALSE
	EndGlobalSection
	GlobalSection(ExtensibilityGlobals) = postSolution
		SolutionGuid = {D34129DD-BE7B-4ED3-92B8-27C7AE3389AF}
	EndGlobalSection
EndGlobal
